# THIS IS AN AUTOGENERATED FILE. DO NOT EDIT THIS FILE DIRECTLY.
# yarn lockfile v1


action_cable@^5.0.0-beta3:
  version "5.0.0-beta3"
  resolved "https://registry.yarnpkg.com/action_cable/-/action_cable-5.0.0-beta3.tgz#471e6efa01352efe4d2e3aa19e19d18552ff5560"
  integrity sha1-Rx5u+gE1Lv5NLjqhnhnRhVL/VWA=

actioncable@^5.2.4-5:
  version "5.2.4-5"
  resolved "https://registry.yarnpkg.com/actioncable/-/actioncable-5.2.4-5.tgz#0cac3c91b2f037b3d021c6c485a5ffdde0276d15"
  integrity sha512-68zWWG+RwIFBQVFUnoCMKQaGWsHYH/aRvgAV3eFslA8Qlm4GJH2tK0XagEbu22ZrQS/etK1yv7aW5T1seoMOVA==
